{
  "name": "adventofcode",
  "lockfileVersion": 2,
  "requires": true,
  "packages": {
    "": {
      "dependencies": {
        "bb26": "^2.2.0",
        "greedy-number-partitioning": "^0.1.0"
      }
    },
    "node_modules/bb26": {
      "version": "2.2.0",
      "resolved": "https://registry.npmjs.org/bb26/-/bb26-2.2.0.tgz",
      "integrity": "sha512-TTbbBbhlS0A+8UOLf7mci5ISHAQvMbVa03c+lKZenHnvHqA+HV0bNDQqvz7/u2jVMd/VNtb83xu/NrEICnvBug==",
      "dependencies": {
        "random-item": "^3.1.0"
      }
    },
    "node_modules/greedy-number-partitioning": {
      "version": "0.1.0",
      "resolved": "https://registry.npmjs.org/greedy-number-partitioning/-/greedy-number-partitioning-0.1.0.tgz",
      "integrity": "sha512-Yn+7NQztWAOjRuCXOVEoAFOL9sDe93q9QB1WJ6q8wFoMANvlSavA0QhYdvMvh1HdxNg1Uae5KyjDcstN705cIQ=="
    },
    "node_modules/random-item": {
      "version": "3.1.0",
      "resolved": "https://registry.npmjs.org/random-item/-/random-item-3.1.0.tgz",
      "integrity": "sha512-0DyAT8LYBNQKSkqcPjia/HNoWCZ5JWBdAQWjBQVh5DMVv3Fv7V90I8/AuUf8NW4zdFn27i9qj8Kp6wI5JsiiOA==",
      "engines": {
        "node": ">=8"
      },
      "funding": {
        "url": "https://github.com/sponsors/sindresorhus"
      }
    }
  },
  "dependencies": {
    "bb26": {
      "version": "2.2.0",
      "resolved": "https://registry.npmjs.org/bb26/-/bb26-2.2.0.tgz",
      "integrity": "sha512-TTbbBbhlS0A+8UOLf7mci5ISHAQvMbVa03c+lKZenHnvHqA+HV0bNDQqvz7/u2jVMd/VNtb83xu/NrEICnvBug==",
      "requires": {
        "random-item": "^3.1.0"
      }
    },
    "greedy-number-partitioning": {
      "version": "0.1.0",
      "resolved": "https://registry.npmjs.org/greedy-number-partitioning/-/greedy-number-partitioning-0.1.0.tgz",
      "integrity": "sha512-Yn+7NQztWAOjRuCXOVEoAFOL9sDe93q9QB1WJ6q8wFoMANvlSavA0QhYdvMvh1HdxNg1Uae5KyjDcstN705cIQ=="
    },
    "random-item": {
      "version": "3.1.0",
      "resolved": "https://registry.npmjs.org/random-item/-/random-item-3.1.0.tgz",
      "integrity": "sha512-0DyAT8LYBNQKSkqcPjia/HNoWCZ5JWBdAQWjBQVh5DMVv3Fv7V90I8/AuUf8NW4zdFn27i9qj8Kp6wI5JsiiOA=="
    }
  }
}
